
Microsoft Visual Studio Solution File, Format Version 12.00
# Visual Studio Version 17
VisualStudioVersion = 17.14.36310.24
MinimumVisualStudioVersion = 10.0.40219.1
Project("{FAE04EC0-301F-11D3-BF4B-00C04F79EFBC}") = "FocusBuddy", "FocusBuddy.csproj", "{496AE94D-BD64-1426-895B-7B97AC664562}"
EndProject
Project("{54435603-DBB4-11D2-8724-00A0C9A8B90C}") = "FocusBuddy Setup", "Setup\FocusBuddy Setup.vdproj", "{2294678A-FC49-B324-4F5C-45011A991C4B}"
EndProject
Global
	GlobalSection(SolutionConfigurationPlatforms) = preSolution
		Debug|Any CPU = Debug|Any CPU
		Release|Any CPU = Release|Any CPU
	EndGlobalSection
	GlobalSection(ProjectConfigurationPlatforms) = postSolution
		{496AE94D-BD64-1426-895B-7B97AC664562}.Debug|Any CPU.ActiveCfg = Debug|Any CPU
		{496AE94D-BD64-1426-895B-7B97AC664562}.Debug|Any CPU.Build.0 = Debug|Any CPU
		{496AE94D-BD64-1426-895B-7B97AC664562}.Release|Any CPU.ActiveCfg = Release|Any CPU
		{496AE94D-BD64-1426-895B-7B97AC664562}.Release|Any CPU.Build.0 = Release|Any CPU
		{2294678A-FC49-B324-4F5C-45011A991C4B}.Debug|Any CPU.ActiveCfg = Debug
		{2294678A-FC49-B324-4F5C-45011A991C4B}.Release|Any CPU.ActiveCfg = Release
	EndGlobalSection
	GlobalSection(SolutionProperties) = preSolution
		HideSolutionNode = FALSE
	EndGlobalSection
	GlobalSection(ExtensibilityGlobals) = postSolution
		SolutionGuid = {07975F95-FB47-4C39-800D-CFA449A67462}
	EndGlobalSection
EndGlobal
